
Microsoft Visual Studio Solution File, Format Version 12.00
# Visual Studio 15
VisualStudioVersion = 15.0.28010.2048
MinimumVisualStudioVersion = 10.0.40219.1
Project("{9A19103F-16F7-4668-BE54-9A1E7A4F7556}") = "ContactsManagement", "ContactsManagement\ContactsManagement.csproj", "{7C3EDEEF-3871-4B5D-AEC1-A029DECAA89D}"
EndProject
Project("{9A19103F-16F7-4668-BE54-9A1E7A4F7556}") = "DataAccessLayer", "DataAccessLayer\DataAccessLayer.csproj", "{9AA1D172-502A-4849-B3EC-BCE22304FEFD}"
EndProject
Project("{9A19103F-16F7-4668-BE54-9A1E7A4F7556}") = "BusinessLayer", "BusinessLayer\BusinessLayer.csproj", "{E1424407-94AD-45AB-8ECB-D7A75653C8E7}"
EndProject
Project("{2150E333-8FDC-42A3-9474-1A3956D46DE8}") = "UnitTests", "UnitTests", "{800FDE66-1E87-490E-8137-DEFE4ABC6799}"
EndProject
Project("{FAE04EC0-301F-11D3-BF4B-00C04F79EFBC}") = "BusinessLayer.UnitTests", "UnitTests\BusinessLayer.UnitTests\BusinessLayer.UnitTests.csproj", "{1C49C56D-3EA8-4F8F-830F-2E716EDD4392}"
EndProject
Global
	GlobalSection(SolutionConfigurationPlatforms) = preSolution
		Debug|Any CPU = Debug|Any CPU
		Release|Any CPU = Release|Any CPU
	EndGlobalSection
	GlobalSection(ProjectConfigurationPlatforms) = postSolution
		{7C3EDEEF-3871-4B5D-AEC1-A029DECAA89D}.Debug|Any CPU.ActiveCfg = Debug|Any CPU
		{7C3EDEEF-3871-4B5D-AEC1-A029DECAA89D}.Debug|Any CPU.Build.0 = Debug|Any CPU
		{7C3EDEEF-3871-4B5D-AEC1-A029DECAA89D}.Release|Any CPU.ActiveCfg = Release|Any CPU
		{7C3EDEEF-3871-4B5D-AEC1-A029DECAA89D}.Release|Any CPU.Build.0 = Release|Any CPU
		{9AA1D172-502A-4849-B3EC-BCE22304FEFD}.Debug|Any CPU.ActiveCfg = Debug|Any CPU
		{9AA1D172-502A-4849-B3EC-BCE22304FEFD}.Debug|Any CPU.Build.0 = Debug|Any CPU
		{9AA1D172-502A-4849-B3EC-BCE22304FEFD}.Release|Any CPU.ActiveCfg = Release|Any CPU
		{9AA1D172-502A-4849-B3EC-BCE22304FEFD}.Release|Any CPU.Build.0 = Release|Any CPU
		{E1424407-94AD-45AB-8ECB-D7A75653C8E7}.Debug|Any CPU.ActiveCfg = Debug|Any CPU
		{E1424407-94AD-45AB-8ECB-D7A75653C8E7}.Debug|Any CPU.Build.0 = Debug|Any CPU
		{E1424407-94AD-45AB-8ECB-D7A75653C8E7}.Release|Any CPU.ActiveCfg = Release|Any CPU
		{E1424407-94AD-45AB-8ECB-D7A75653C8E7}.Release|Any CPU.Build.0 = Release|Any CPU
		{1C49C56D-3EA8-4F8F-830F-2E716EDD4392}.Debug|Any CPU.ActiveCfg = Debug|Any CPU
		{1C49C56D-3EA8-4F8F-830F-2E716EDD4392}.Debug|Any CPU.Build.0 = Debug|Any CPU
		{1C49C56D-3EA8-4F8F-830F-2E716EDD4392}.Release|Any CPU.ActiveCfg = Release|Any CPU
		{1C49C56D-3EA8-4F8F-830F-2E716EDD4392}.Release|Any CPU.Build.0 = Release|Any CPU
	EndGlobalSection
	GlobalSection(SolutionProperties) = preSolution
		HideSolutionNode = FALSE
	EndGlobalSection
	GlobalSection(NestedProjects) = preSolution
		{1C49C56D-3EA8-4F8F-830F-2E716EDD4392} = {800FDE66-1E87-490E-8137-DEFE4ABC6799}
	EndGlobalSection
	GlobalSection(ExtensibilityGlobals) = postSolution
		SolutionGuid = {1FF47339-260D-4E7E-96E5-4025656BEA46}
	EndGlobalSection
EndGlobal
